
Microsoft Visual Studio Solution File, Format Version 12.00
# Visual Studio 15
VisualStudioVersion = 15.0.28306.52
MinimumVisualStudioVersion = 10.0.40219.1
Project("{8BC9CEB8-8B4A-11D0-8D11-00A0C91BC942}") = "test", "test\test.vcxproj", "{C064C90A-78BB-46DA-80BC-59548F6E2081}"
EndProject
Global
	GlobalSection(SolutionConfigurationPlatforms) = preSolution
		Debug|x64 = Debug|x64
		Debug|x86 = Debug|x86
		Release|x64 = Release|x64
		Release|x86 = Release|x86
	EndGlobalSection
	GlobalSection(ProjectConfigurationPlatforms) = postSolution
		{C064C90A-78BB-46DA-80BC-59548F6E2081}.Debug|x64.ActiveCfg = Debug|x64
		{C064C90A-78BB-46DA-80BC-59548F6E2081}.Debug|x64.Build.0 = Debug|x64
		{C064C90A-78BB-46DA-80BC-59548F6E2081}.Debug|x86.ActiveCfg = Debug|Win32
		{C064C90A-78BB-46DA-80BC-59548F6E2081}.Debug|x86.Build.0 = Debug|Win32
		{C064C90A-78BB-46DA-80BC-59548F6E2081}.Release|x64.ActiveCfg = Release|x64
		{C064C90A-78BB-46DA-80BC-59548F6E2081}.Release|x64.Build.0 = Release|x64
		{C064C90A-78BB-46DA-80BC-59548F6E2081}.Release|x86.ActiveCfg = Release|Win32
		{C064C90A-78BB-46DA-80BC-59548F6E2081}.Release|x86.Build.0 = Release|Win32
	EndGlobalSection
	GlobalSection(SolutionProperties) = preSolution
		HideSolutionNode = FALSE
	EndGlobalSection
	GlobalSection(ExtensibilityGlobals) = postSolution
		SolutionGuid = {6B15ED69-B291-4EB5-B0CA-D6F1AE763B51}
	EndGlobalSection
EndGlobal
