
Microsoft Visual Studio Solution File, Format Version 12.00
# Visual Studio 15
VisualStudioVersion = 15.0.28306.52
MinimumVisualStudioVersion = 10.0.40219.1
Project("{8BC9CEB8-8B4A-11D0-8D11-00A0C91BC942}") = "omp_test2", "omp_test2\omp_test2.vcxproj", "{C5C987DA-589D-49A4-8D9F-E9D60F2DAD5C}"
EndProject
Global
	GlobalSection(SolutionConfigurationPlatforms) = preSolution
		Debug|x64 = Debug|x64
		Debug|x86 = Debug|x86
		Release|x64 = Release|x64
		Release|x86 = Release|x86
	EndGlobalSection
	GlobalSection(ProjectConfigurationPlatforms) = postSolution
		{C5C987DA-589D-49A4-8D9F-E9D60F2DAD5C}.Debug|x64.ActiveCfg = Debug|x64
		{C5C987DA-589D-49A4-8D9F-E9D60F2DAD5C}.Debug|x64.Build.0 = Debug|x64
		{C5C987DA-589D-49A4-8D9F-E9D60F2DAD5C}.Debug|x86.ActiveCfg = Debug|Win32
		{C5C987DA-589D-49A4-8D9F-E9D60F2DAD5C}.Debug|x86.Build.0 = Debug|Win32
		{C5C987DA-589D-49A4-8D9F-E9D60F2DAD5C}.Release|x64.ActiveCfg = Release|x64
		{C5C987DA-589D-49A4-8D9F-E9D60F2DAD5C}.Release|x64.Build.0 = Release|x64
		{C5C987DA-589D-49A4-8D9F-E9D60F2DAD5C}.Release|x86.ActiveCfg = Release|Win32
		{C5C987DA-589D-49A4-8D9F-E9D60F2DAD5C}.Release|x86.Build.0 = Release|Win32
	EndGlobalSection
	GlobalSection(SolutionProperties) = preSolution
		HideSolutionNode = FALSE
	EndGlobalSection
	GlobalSection(ExtensibilityGlobals) = postSolution
		SolutionGuid = {6941B0EA-849D-40D8-A284-EDE1AB365712}
	EndGlobalSection
EndGlobal
