
Microsoft Visual Studio Solution File, Format Version 12.00
# Visual Studio 15
VisualStudioVersion = 15.0.28306.52
MinimumVisualStudioVersion = 10.0.40219.1
Project("{8BC9CEB8-8B4A-11D0-8D11-00A0C91BC942}") = "Lab4", "Lab4\Lab4.vcxproj", "{FF630901-162B-4055-8DD8-2B88CE788717}"
EndProject
Global
	GlobalSection(SolutionConfigurationPlatforms) = preSolution
		Debug|x64 = Debug|x64
		Debug|x86 = Debug|x86
		Release|x64 = Release|x64
		Release|x86 = Release|x86
	EndGlobalSection
	GlobalSection(ProjectConfigurationPlatforms) = postSolution
		{FF630901-162B-4055-8DD8-2B88CE788717}.Debug|x64.ActiveCfg = Debug|x64
		{FF630901-162B-4055-8DD8-2B88CE788717}.Debug|x64.Build.0 = Debug|x64
		{FF630901-162B-4055-8DD8-2B88CE788717}.Debug|x86.ActiveCfg = Debug|Win32
		{FF630901-162B-4055-8DD8-2B88CE788717}.Debug|x86.Build.0 = Debug|Win32
		{FF630901-162B-4055-8DD8-2B88CE788717}.Release|x64.ActiveCfg = Release|x64
		{FF630901-162B-4055-8DD8-2B88CE788717}.Release|x64.Build.0 = Release|x64
		{FF630901-162B-4055-8DD8-2B88CE788717}.Release|x86.ActiveCfg = Release|Win32
		{FF630901-162B-4055-8DD8-2B88CE788717}.Release|x86.Build.0 = Release|Win32
	EndGlobalSection
	GlobalSection(SolutionProperties) = preSolution
		HideSolutionNode = FALSE
	EndGlobalSection
	GlobalSection(ExtensibilityGlobals) = postSolution
		SolutionGuid = {37E1C3B6-D10E-4BA0-8B20-73F56B139B3B}
	EndGlobalSection
EndGlobal
